
Microsoft Visual Studio Solution File, Format Version 12.00
# Visual Studio 2012
Project("{8BC9CEB8-8B4A-11D0-8D11-00A0C91BC942}") = "WebCam Cpture", "WebCam Cpture\WebCam Cpture.vcxproj", "{0368FC8D-02C0-4058-A9B4-F707F8CD8EF1}"
EndProject
Global
	GlobalSection(SolutionConfigurationPlatforms) = preSolution
		Debug|Win32 = Debug|Win32
		Release|Win32 = Release|Win32
	EndGlobalSection
	GlobalSection(ProjectConfigurationPlatforms) = postSolution
		{0368FC8D-02C0-4058-A9B4-F707F8CD8EF1}.Debug|Win32.ActiveCfg = Debug|Win32
		{0368FC8D-02C0-4058-A9B4-F707F8CD8EF1}.Debug|Win32.Build.0 = Debug|Win32
		{0368FC8D-02C0-4058-A9B4-F707F8CD8EF1}.Release|Win32.ActiveCfg = Release|Win32
		{0368FC8D-02C0-4058-A9B4-F707F8CD8EF1}.Release|Win32.Build.0 = Release|Win32
	EndGlobalSection
	GlobalSection(SolutionProperties) = preSolution
		HideSolutionNode = FALSE
	EndGlobalSection
EndGlobal
